
Microsoft Visual Studio Solution File, Format Version 12.00
# Visual Studio Version 17
VisualStudioVersion = 17.4.33110.190
MinimumVisualStudioVersion = 10.0.40219.1
Project("{9A19103F-16F7-4668-BE54-9A1E7A4F7556}") = "Paws", "Paws\Paws.csproj", "{82BB2C12-E9B2-4C35-BFB5-3FF3085013F2}"
EndProject
Project("{2150E333-8FDC-42A3-9474-1A3956D46DE8}") = "1.Services", "1.Services", "{A4BFA7F9-BBB5-49FF-82EC-904E366AE937}"
EndProject
Project("{2150E333-8FDC-42A3-9474-1A3956D46DE8}") = "2.Application", "2.Application", "{3B97CF9B-F72A-404D-B962-4A2A05A4ACAC}"
EndProject
Project("{2150E333-8FDC-42A3-9474-1A3956D46DE8}") = "3.Domain", "3.Domain", "{4D503E85-CECB-4C3D-8758-B537CEC9EEF9}"
EndProject
Project("{2150E333-8FDC-42A3-9474-1A3956D46DE8}") = "Unit Testing", "Unit Testing", "{1116DDDA-F441-404E-B51B-E17DCB132245}"
EndProject
Project("{9A19103F-16F7-4668-BE54-9A1E7A4F7556}") = "Paws.UnitTesting", "Paws.UnitTesting\Paws.UnitTesting.csproj", "{AF1BCCE6-BB20-440F-B420-7079CAB8003F}"
EndProject
Project("{9A19103F-16F7-4668-BE54-9A1E7A4F7556}") = "Domain.Repository", "Repository\Domain.Repository.csproj", "{A10C9E8E-407F-46A4-960D-25DA1357FCBA}"
EndProject
Project("{9A19103F-16F7-4668-BE54-9A1E7A4F7556}") = "Domain.Entity", "Entity\Domain.Entity.csproj", "{4F12230D-0C2B-456A-9EFF-2DAE0C8FCBD1}"
EndProject
Project("{9A19103F-16F7-4668-BE54-9A1E7A4F7556}") = "Application.Main", "Application.Main\Application.Main.csproj", "{8B051CBA-7FCC-45F4-BAA4-B5477740A1E0}"
EndProject
Project("{9A19103F-16F7-4668-BE54-9A1E7A4F7556}") = "Application.Interfaces", "Application.Interfaces\Application.Interfaces.csproj", "{61B2565F-77AF-4F84-99E4-F7F6D23B9165}"
EndProject
Project("{FAE04EC0-301F-11D3-BF4B-00C04F79EFBC}") = "Application.Response", "Application.Response\Application.Response.csproj", "{A24EA384-94C5-4AEC-8D6C-62BCD6B2854D}"
EndProject
Global
	GlobalSection(SolutionConfigurationPlatforms) = preSolution
		Debug|Any CPU = Debug|Any CPU
		Release|Any CPU = Release|Any CPU
	EndGlobalSection
	GlobalSection(ProjectConfigurationPlatforms) = postSolution
		{82BB2C12-E9B2-4C35-BFB5-3FF3085013F2}.Debug|Any CPU.ActiveCfg = Debug|Any CPU
		{82BB2C12-E9B2-4C35-BFB5-3FF3085013F2}.Debug|Any CPU.Build.0 = Debug|Any CPU
		{82BB2C12-E9B2-4C35-BFB5-3FF3085013F2}.Release|Any CPU.ActiveCfg = Release|Any CPU
		{82BB2C12-E9B2-4C35-BFB5-3FF3085013F2}.Release|Any CPU.Build.0 = Release|Any CPU
		{AF1BCCE6-BB20-440F-B420-7079CAB8003F}.Debug|Any CPU.ActiveCfg = Debug|Any CPU
		{AF1BCCE6-BB20-440F-B420-7079CAB8003F}.Debug|Any CPU.Build.0 = Debug|Any CPU
		{AF1BCCE6-BB20-440F-B420-7079CAB8003F}.Release|Any CPU.ActiveCfg = Release|Any CPU
		{AF1BCCE6-BB20-440F-B420-7079CAB8003F}.Release|Any CPU.Build.0 = Release|Any CPU
		{A10C9E8E-407F-46A4-960D-25DA1357FCBA}.Debug|Any CPU.ActiveCfg = Debug|Any CPU
		{A10C9E8E-407F-46A4-960D-25DA1357FCBA}.Debug|Any CPU.Build.0 = Debug|Any CPU
		{A10C9E8E-407F-46A4-960D-25DA1357FCBA}.Release|Any CPU.ActiveCfg = Release|Any CPU
		{A10C9E8E-407F-46A4-960D-25DA1357FCBA}.Release|Any CPU.Build.0 = Release|Any CPU
		{4F12230D-0C2B-456A-9EFF-2DAE0C8FCBD1}.Debug|Any CPU.ActiveCfg = Debug|Any CPU
		{4F12230D-0C2B-456A-9EFF-2DAE0C8FCBD1}.Debug|Any CPU.Build.0 = Debug|Any CPU
		{4F12230D-0C2B-456A-9EFF-2DAE0C8FCBD1}.Release|Any CPU.ActiveCfg = Release|Any CPU
		{4F12230D-0C2B-456A-9EFF-2DAE0C8FCBD1}.Release|Any CPU.Build.0 = Release|Any CPU
		{8B051CBA-7FCC-45F4-BAA4-B5477740A1E0}.Debug|Any CPU.ActiveCfg = Debug|Any CPU
		{8B051CBA-7FCC-45F4-BAA4-B5477740A1E0}.Debug|Any CPU.Build.0 = Debug|Any CPU
		{8B051CBA-7FCC-45F4-BAA4-B5477740A1E0}.Release|Any CPU.ActiveCfg = Release|Any CPU
		{8B051CBA-7FCC-45F4-BAA4-B5477740A1E0}.Release|Any CPU.Build.0 = Release|Any CPU
		{61B2565F-77AF-4F84-99E4-F7F6D23B9165}.Debug|Any CPU.ActiveCfg = Debug|Any CPU
		{61B2565F-77AF-4F84-99E4-F7F6D23B9165}.Debug|Any CPU.Build.0 = Debug|Any CPU
		{61B2565F-77AF-4F84-99E4-F7F6D23B9165}.Release|Any CPU.ActiveCfg = Release|Any CPU
		{61B2565F-77AF-4F84-99E4-F7F6D23B9165}.Release|Any CPU.Build.0 = Release|Any CPU
		{A24EA384-94C5-4AEC-8D6C-62BCD6B2854D}.Debug|Any CPU.ActiveCfg = Debug|Any CPU
		{A24EA384-94C5-4AEC-8D6C-62BCD6B2854D}.Debug|Any CPU.Build.0 = Debug|Any CPU
		{A24EA384-94C5-4AEC-8D6C-62BCD6B2854D}.Release|Any CPU.ActiveCfg = Release|Any CPU
		{A24EA384-94C5-4AEC-8D6C-62BCD6B2854D}.Release|Any CPU.Build.0 = Release|Any CPU
	EndGlobalSection
	GlobalSection(SolutionProperties) = preSolution
		HideSolutionNode = FALSE
	EndGlobalSection
	GlobalSection(NestedProjects) = preSolution
		{82BB2C12-E9B2-4C35-BFB5-3FF3085013F2} = {A4BFA7F9-BBB5-49FF-82EC-904E366AE937}
		{AF1BCCE6-BB20-440F-B420-7079CAB8003F} = {1116DDDA-F441-404E-B51B-E17DCB132245}
		{A10C9E8E-407F-46A4-960D-25DA1357FCBA} = {4D503E85-CECB-4C3D-8758-B537CEC9EEF9}
		{4F12230D-0C2B-456A-9EFF-2DAE0C8FCBD1} = {4D503E85-CECB-4C3D-8758-B537CEC9EEF9}
		{8B051CBA-7FCC-45F4-BAA4-B5477740A1E0} = {3B97CF9B-F72A-404D-B962-4A2A05A4ACAC}
		{61B2565F-77AF-4F84-99E4-F7F6D23B9165} = {3B97CF9B-F72A-404D-B962-4A2A05A4ACAC}
		{A24EA384-94C5-4AEC-8D6C-62BCD6B2854D} = {3B97CF9B-F72A-404D-B962-4A2A05A4ACAC}
	EndGlobalSection
	GlobalSection(ExtensibilityGlobals) = postSolution
		SolutionGuid = {8F77BD6F-5C0A-4A02-AB96-BE98C99E6641}
	EndGlobalSection
EndGlobal
